
Microsoft Visual Studio Solution File, Format Version 12.00
# Visual Studio Version 17
VisualStudioVersion = 17.0.31612.314
MinimumVisualStudioVersion = 10.0.40219.1
Project("{8BC9CEB8-8B4A-11D0-8D11-00A0C91BC942}") = "PR 3.1", "PR 3.1\PR 3.1.vcxproj", "{C46EB7F3-D489-4066-85B4-F336FCD96EF3}"
EndProject
Global
	GlobalSection(SolutionConfigurationPlatforms) = preSolution
		Debug|x64 = Debug|x64
		Debug|x86 = Debug|x86
		Release|x64 = Release|x64
		Release|x86 = Release|x86
	EndGlobalSection
	GlobalSection(ProjectConfigurationPlatforms) = postSolution
		{C46EB7F3-D489-4066-85B4-F336FCD96EF3}.Debug|x64.ActiveCfg = Debug|x64
		{C46EB7F3-D489-4066-85B4-F336FCD96EF3}.Debug|x64.Build.0 = Debug|x64
		{C46EB7F3-D489-4066-85B4-F336FCD96EF3}.Debug|x86.ActiveCfg = Debug|Win32
		{C46EB7F3-D489-4066-85B4-F336FCD96EF3}.Debug|x86.Build.0 = Debug|Win32
		{C46EB7F3-D489-4066-85B4-F336FCD96EF3}.Release|x64.ActiveCfg = Release|x64
		{C46EB7F3-D489-4066-85B4-F336FCD96EF3}.Release|x64.Build.0 = Release|x64
		{C46EB7F3-D489-4066-85B4-F336FCD96EF3}.Release|x86.ActiveCfg = Release|Win32
		{C46EB7F3-D489-4066-85B4-F336FCD96EF3}.Release|x86.Build.0 = Release|Win32
	EndGlobalSection
	GlobalSection(SolutionProperties) = preSolution
		HideSolutionNode = FALSE
	EndGlobalSection
	GlobalSection(ExtensibilityGlobals) = postSolution
		SolutionGuid = {BAD364CC-4CB5-416A-9D83-519843D7015D}
	EndGlobalSection
EndGlobal
